// !$*UTF8*$!
{
	archiveVersion = 1;
	classes = {
	};
	objectVersion = 55;
	objects = {

/* Begin PBXBuildFile section */
		DF2B1BC228324BA8006B0BDE /* start.txt in Resources */ = {isa = PBXBuildFile; fileRef = DF2B1BC128324BA8006B0BDE /* start.txt */; };
		DF2B1BC42832C386006B0BDE /* ContentView.swift in Sources */ = {isa = PBXBuildFile; fileRef = DF2B1BC32832C386006B0BDE /* ContentView.swift */; };
		DF2B1BC82832C3E4006B0BDE /* WeSplit.swift in Sources */ = {isa = PBXBuildFile; fileRef = DF2B1BC72832C3E4006B0BDE /* WeSplit.swift */; };
		DF2B1BCA2832C429006B0BDE /* GuessTheFlag.swift in Sources */ = {isa = PBXBuildFile; fileRef = DF2B1BC92832C429006B0BDE /* GuessTheFlag.swift */; };
		DF2B1BCC2832C46A006B0BDE /* ExtensionsModifiers.swift in Sources */ = {isa = PBXBuildFile; fileRef = DF2B1BCB2832C46A006B0BDE /* ExtensionsModifiers.swift */; };
		DF2B1BCE2832C4ED006B0BDE /* BetterRest.swift in Sources */ = {isa = PBXBuildFile; fileRef = DF2B1BCD2832C4ED006B0BDE /* BetterRest.swift */; };
		DF2B1BD02832C540006B0BDE /* WordScramble.swift in Sources */ = {isa = PBXBuildFile; fileRef = DF2B1BCF2832C540006B0BDE /* WordScramble.swift */; };
		DF2B1BD22832C582006B0BDE /* SleepCalculator.mlmodel in Sources */ = {isa = PBXBuildFile; fileRef = DF2B1BD12832C582006B0BDE /* SleepCalculator.mlmodel */; };
		DF2B1BD42832C59A006B0BDE /* Animations.swift in Sources */ = {isa = PBXBuildFile; fileRef = DF2B1BD32832C59A006B0BDE /* Animations.swift */; };
		DF2B1BD62832EE7F006B0BDE /* iExpense.swift in Sources */ = {isa = PBXBuildFile; fileRef = DF2B1BD52832EE7F006B0BDE /* iExpense.swift */; };
		DF42312C2810A3B600546F96 /* AppSUIApp.swift in Sources */ = {isa = PBXBuildFile; fileRef = DF42312B2810A3B600546F96 /* AppSUIApp.swift */; };
		DF42312E2810A3B600546F96 /* Multiplication.swift in Sources */ = {isa = PBXBuildFile; fileRef = DF42312D2810A3B600546F96 /* Multiplication.swift */; };
		DF4231302810A3B900546F96 /* Assets.xcassets in Resources */ = {isa = PBXBuildFile; fileRef = DF42312F2810A3B900546F96 /* Assets.xcassets */; };
		DF4231332810A3B900546F96 /* Preview Assets.xcassets in Resources */ = {isa = PBXBuildFile; fileRef = DF4231322810A3B900546F96 /* Preview Assets.xcassets */; };
		DF68E5832838FD7D00D4E68B /* astronauts.json in Resources */ = {isa = PBXBuildFile; fileRef = DF68E5822838FD7D00D4E68B /* astronauts.json */; };
		DF68E5852838FD8400D4E68B /* missions.json in Resources */ = {isa = PBXBuildFile; fileRef = DF68E5842838FD8400D4E68B /* missions.json */; };
		DF68E6372839182400D4E68B /* Moonshot.swift in Sources */ = {isa = PBXBuildFile; fileRef = DF68E6362839182400D4E68B /* Moonshot.swift */; };
		DF68E6392839751600D4E68B /* Drawing.swift in Sources */ = {isa = PBXBuildFile; fileRef = DF68E6382839751600D4E68B /* Drawing.swift */; };
		DF68E63B284023BA00D4E68B /* Habits.swift in Sources */ = {isa = PBXBuildFile; fileRef = DF68E63A284023BA00D4E68B /* Habits.swift */; };
		DF68E63D2845819A00D4E68B /* CupcakeCorner.swift in Sources */ = {isa = PBXBuildFile; fileRef = DF68E63C2845819A00D4E68B /* CupcakeCorner.swift */; };
		DF68E6472846355000D4E68B /* Bookworm.xcdatamodeld in Sources */ = {isa = PBXBuildFile; fileRef = DF68E6452846355000D4E68B /* Bookworm.xcdatamodeld */; };
		DF68E6492846563B00D4E68B /* Bookworm.swift in Sources */ = {isa = PBXBuildFile; fileRef = DF68E6482846563B00D4E68B /* Bookworm.swift */; };
		DFEEDB4F282EEC7400D88DAD /* Preset.swift in Sources */ = {isa = PBXBuildFile; fileRef = DFEEDB4E282EEC7400D88DAD /* Preset.swift */; };
/* End PBXBuildFile section */

/* Begin PBXFileReference section */
		DF2B1BC128324BA8006B0BDE /* start.txt */ = {isa = PBXFileReference; fileEncoding = 4; lastKnownFileType = text; path = start.txt; sourceTree = "<group>"; };
		DF2B1BC32832C386006B0BDE /* ContentView.swift */ = {isa = PBXFileReference; lastKnownFileType = sourcecode.swift; path = ContentView.swift; sourceTree = "<group>"; };
		DF2B1BC72832C3E4006B0BDE /* WeSplit.swift */ = {isa = PBXFileReference; fileEncoding = 4; lastKnownFileType = sourcecode.swift; path = WeSplit.swift; sourceTree = "<group>"; };
		DF2B1BC92832C429006B0BDE /* GuessTheFlag.swift */ = {isa = PBXFileReference; fileEncoding = 4; lastKnownFileType = sourcecode.swift; path = GuessTheFlag.swift; sourceTree = "<group>"; };
		DF2B1BCB2832C46A006B0BDE /* ExtensionsModifiers.swift */ = {isa = PBXFileReference; fileEncoding = 4; lastKnownFileType = sourcecode.swift; path = ExtensionsModifiers.swift; sourceTree = "<group>"; };
		DF2B1BCD2832C4ED006B0BDE /* BetterRest.swift */ = {isa = PBXFileReference; fileEncoding = 4; lastKnownFileType = sourcecode.swift; path = BetterRest.swift; sourceTree = "<group>"; };
		DF2B1BCF2832C540006B0BDE /* WordScramble.swift */ = {isa = PBXFileReference; fileEncoding = 4; lastKnownFileType = sourcecode.swift; path = WordScramble.swift; sourceTree = "<group>"; };
		DF2B1BD12832C582006B0BDE /* SleepCalculator.mlmodel */ = {isa = PBXFileReference; lastKnownFileType = file.mlmodel; path = SleepCalculator.mlmodel; sourceTree = "<group>"; };
		DF2B1BD32832C59A006B0BDE /* Animations.swift */ = {isa = PBXFileReference; fileEncoding = 4; lastKnownFileType = sourcecode.swift; path = Animations.swift; sourceTree = "<group>"; };
		DF2B1BD52832EE7F006B0BDE /* iExpense.swift */ = {isa = PBXFileReference; lastKnownFileType = sourcecode.swift; path = iExpense.swift; sourceTree = "<group>"; };
		DF4231282810A3B600546F96 /* AppSUI.app */ = {isa = PBXFileReference; explicitFileType = wrapper.application; includeInIndex = 0; path = AppSUI.app; sourceTree = BUILT_PRODUCTS_DIR; };
		DF42312B2810A3B600546F96 /* AppSUIApp.swift */ = {isa = PBXFileReference; lastKnownFileType = sourcecode.swift; path = AppSUIApp.swift; sourceTree = "<group>"; };
		DF42312D2810A3B600546F96 /* Multiplication.swift */ = {isa = PBXFileReference; lastKnownFileType = sourcecode.swift; path = Multiplication.swift; sourceTree = "<group>"; };
		DF42312F2810A3B900546F96 /* Assets.xcassets */ = {isa = PBXFileReference; lastKnownFileType = folder.assetcatalog; path = Assets.xcassets; sourceTree = "<group>"; };
		DF4231322810A3B900546F96 /* Preview Assets.xcassets */ = {isa = PBXFileReference; lastKnownFileType = folder.assetcatalog; path = "Preview Assets.xcassets"; sourceTree = "<group>"; };
		DF68E5822838FD7D00D4E68B /* astronauts.json */ = {isa = PBXFileReference; fileEncoding = 4; lastKnownFileType = text.json; path = astronauts.json; sourceTree = "<group>"; };
		DF68E5842838FD8400D4E68B /* missions.json */ = {isa = PBXFileReference; fileEncoding = 4; lastKnownFileType = text.json; path = missions.json; sourceTree = "<group>"; };
		DF68E6362839182400D4E68B /* Moonshot.swift */ = {isa = PBXFileReference; lastKnownFileType = sourcecode.swift; path = Moonshot.swift; sourceTree = "<group>"; };
		DF68E6382839751600D4E68B /* Drawing.swift */ = {isa = PBXFileReference; lastKnownFileType = sourcecode.swift; path = Drawing.swift; sourceTree = "<group>"; };
		DF68E63A284023BA00D4E68B /* Habits.swift */ = {isa = PBXFileReference; lastKnownFileType = sourcecode.swift; path = Habits.swift; sourceTree = "<group>"; };
		DF68E63C2845819A00D4E68B /* CupcakeCorner.swift */ = {isa = PBXFileReference; lastKnownFileType = sourcecode.swift; path = CupcakeCorner.swift; sourceTree = "<group>"; };
		DF68E6462846355000D4E68B /* Bookworm.xcdatamodel */ = {isa = PBXFileReference; lastKnownFileType = wrapper.xcdatamodel; path = Bookworm.xcdatamodel; sourceTree = "<group>"; };
		DF68E6482846563B00D4E68B /* Bookworm.swift */ = {isa = PBXFileReference; lastKnownFileType = sourcecode.swift; path = Bookworm.swift; sourceTree = "<group>"; };
		DFEEDB4E282EEC7400D88DAD /* Preset.swift */ = {isa = PBXFileReference; lastKnownFileType = sourcecode.swift; path = Preset.swift; sourceTree = "<group>"; };
/* End PBXFileReference section */

/* Begin PBXFrameworksBuildPhase section */
		DF4231252810A3B600546F96 /* Frameworks */ = {
			isa = PBXFrameworksBuildPhase;
			buildActionMask = 2147483647;
			files = (
			);
			runOnlyForDeploymentPostprocessing = 0;
		};
/* End PBXFrameworksBuildPhase section */

/* Begin PBXGroup section */
		DF2B1BC52832C39B006B0BDE /* Projects */ = {
			isa = PBXGroup;
			children = (
				DF2B1BC72832C3E4006B0BDE /* WeSplit.swift */,
				DF2B1BC92832C429006B0BDE /* GuessTheFlag.swift */,
				DF42312D2810A3B600546F96 /* Multiplication.swift */,
				DF2B1BCB2832C46A006B0BDE /* ExtensionsModifiers.swift */,
				DF2B1BCD2832C4ED006B0BDE /* BetterRest.swift */,
				DF2B1BD32832C59A006B0BDE /* Animations.swift */,
				DF2B1BCF2832C540006B0BDE /* WordScramble.swift */,
				DF2B1BD52832EE7F006B0BDE /* iExpense.swift */,
				DF68E6362839182400D4E68B /* Moonshot.swift */,
				DF68E6382839751600D4E68B /* Drawing.swift */,
				DF68E63A284023BA00D4E68B /* Habits.swift */,
				DF68E63C2845819A00D4E68B /* CupcakeCorner.swift */,
				DF68E6482846563B00D4E68B /* Bookworm.swift */,
			);
			path = Projects;
			sourceTree = "<group>";
		};
		DF2B1BC62832C3B4006B0BDE /* Budle */ = {
			isa = PBXGroup;
			children = (
				DF68E5822838FD7D00D4E68B /* astronauts.json */,
				DF68E5842838FD8400D4E68B /* missions.json */,
				DF2B1BC128324BA8006B0BDE /* start.txt */,
				DF2B1BD12832C582006B0BDE /* SleepCalculator.mlmodel */,
				DF68E6452846355000D4E68B /* Bookworm.xcdatamodeld */,
			);
			path = Budle;
			sourceTree = "<group>";
		};
		DF42311F2810A3B600546F96 = {
			isa = PBXGroup;
			children = (
				DF42312A2810A3B600546F96 /* AppSUI */,
				DF4231292810A3B600546F96 /* Products */,
			);
			sourceTree = "<group>";
		};
		DF4231292810A3B600546F96 /* Products */ = {
			isa = PBXGroup;
			children = (
				DF4231282810A3B600546F96 /* AppSUI.app */,
			);
			name = Products;
			sourceTree = "<group>";
		};
		DF42312A2810A3B600546F96 /* AppSUI */ = {
			isa = PBXGroup;
			children = (
				DF42312B2810A3B600546F96 /* AppSUIApp.swift */,
				DFEEDB4E282EEC7400D88DAD /* Preset.swift */,
				DF2B1BC32832C386006B0BDE /* ContentView.swift */,
				DF42312F2810A3B900546F96 /* Assets.xcassets */,
				DF4231312810A3B900546F96 /* Preview Content */,
				DF2B1BC62832C3B4006B0BDE /* Budle */,
				DF2B1BC52832C39B006B0BDE /* Projects */,
			);
			path = AppSUI;
			sourceTree = "<group>";
		};
		DF4231312810A3B900546F96 /* Preview Content */ = {
			isa = PBXGroup;
			children = (
				DF4231322810A3B900546F96 /* Preview Assets.xcassets */,
			);
			path = "Preview Content";
			sourceTree = "<group>";
		};
/* End PBXGroup section */

/* Begin PBXNativeTarget section */
		DF4231272810A3B600546F96 /* AppSUI */ = {
			isa = PBXNativeTarget;
			buildConfigurationList = DF4231362810A3B900546F96 /* Build configuration list for PBXNativeTarget "AppSUI" */;
			buildPhases = (
				DF4231242810A3B600546F96 /* Sources */,
				DF4231252810A3B600546F96 /* Frameworks */,
				DF4231262810A3B600546F96 /* Resources */,
			);
			buildRules = (
			);
			dependencies = (
			);
			name = AppSUI;
			productName = AppSUI;
			productReference = DF4231282810A3B600546F96 /* AppSUI.app */;
			productType = "com.apple.product-type.application";
		};
/* End PBXNativeTarget section */

/* Begin PBXProject section */
		DF4231202810A3B600546F96 /* Project object */ = {
			isa = PBXProject;
			attributes = {
				BuildIndependentTargetsInParallel = 1;
				LastSwiftUpdateCheck = 1330;
				LastUpgradeCheck = 1330;
				TargetAttributes = {
					DF4231272810A3B600546F96 = {
						CreatedOnToolsVersion = 13.3.1;
					};
				};
			};
			buildConfigurationList = DF4231232810A3B600546F96 /* Build configuration list for PBXProject "AppSUI" */;
			compatibilityVersion = "Xcode 13.0";
			developmentRegion = en;
			hasScannedForEncodings = 0;
			knownRegions = (
				en,
				Base,
			);
			mainGroup = DF42311F2810A3B600546F96;
			productRefGroup = DF4231292810A3B600546F96 /* Products */;
			projectDirPath = "";
			projectRoot = "";
			targets = (
				DF4231272810A3B600546F96 /* AppSUI */,
			);
		};
/* End PBXProject section */

/* Begin PBXResourcesBuildPhase section */
		DF4231262810A3B600546F96 /* Resources */ = {
			isa = PBXResourcesBuildPhase;
			buildActionMask = 2147483647;
			files = (
				DF4231332810A3B900546F96 /* Preview Assets.xcassets in Resources */,
				DF68E5852838FD8400D4E68B /* missions.json in Resources */,
				DF2B1BC228324BA8006B0BDE /* start.txt in Resources */,
				DF4231302810A3B900546F96 /* Assets.xcassets in Resources */,
				DF68E5832838FD7D00D4E68B /* astronauts.json in Resources */,
			);
			runOnlyForDeploymentPostprocessing = 0;
		};
/* End PBXResourcesBuildPhase section */

/* Begin PBXSourcesBuildPhase section */
		DF4231242810A3B600546F96 /* Sources */ = {
			isa = PBXSourcesBuildPhase;
			buildActionMask = 2147483647;
			files = (
				DF42312E2810A3B600546F96 /* Multiplication.swift in Sources */,
				DF68E6472846355000D4E68B /* Bookworm.xcdatamodeld in Sources */,
				DF2B1BD42832C59A006B0BDE /* Animations.swift in Sources */,
				DF2B1BD62832EE7F006B0BDE /* iExpense.swift in Sources */,
				DF68E63D2845819A00D4E68B /* CupcakeCorner.swift in Sources */,
				DF2B1BC82832C3E4006B0BDE /* WeSplit.swift in Sources */,
				DF2B1BD22832C582006B0BDE /* SleepCalculator.mlmodel in Sources */,
				DF2B1BCE2832C4ED006B0BDE /* BetterRest.swift in Sources */,
				DF2B1BCC2832C46A006B0BDE /* ExtensionsModifiers.swift in Sources */,
				DF2B1BCA2832C429006B0BDE /* GuessTheFlag.swift in Sources */,
				DF68E6392839751600D4E68B /* Drawing.swift in Sources */,
				DF2B1BD02832C540006B0BDE /* WordScramble.swift in Sources */,
				DF68E6372839182400D4E68B /* Moonshot.swift in Sources */,
				DF68E6492846563B00D4E68B /* Bookworm.swift in Sources */,
				DF68E63B284023BA00D4E68B /* Habits.swift in Sources */,
				DFEEDB4F282EEC7400D88DAD /* Preset.swift in Sources */,
				DF2B1BC42832C386006B0BDE /* ContentView.swift in Sources */,
				DF42312C2810A3B600546F96 /* AppSUIApp.swift in Sources */,
			);
			runOnlyForDeploymentPostprocessing = 0;
		};
/* End PBXSourcesBuildPhase section */

/* Begin XCBuildConfiguration section */
		DF4231342810A3B900546F96 /* Debug */ = {
			isa = XCBuildConfiguration;
			buildSettings = {
				ALWAYS_SEARCH_USER_PATHS = NO;
				CLANG_ANALYZER_NONNULL = YES;
				CLANG_ANALYZER_NUMBER_OBJECT_CONVERSION = YES_AGGRESSIVE;
				CLANG_CXX_LANGUAGE_STANDARD = "gnu++17";
				CLANG_ENABLE_MODULES = YES;
				CLANG_ENABLE_OBJC_ARC = YES;
				CLANG_ENABLE_OBJC_WEAK = YES;
				CLANG_WARN_BLOCK_CAPTURE_AUTORELEASING = YES;
				CLANG_WARN_BOOL_CONVERSION = YES;
				CLANG_WARN_COMMA = YES;
				CLANG_WARN_CONSTANT_CONVERSION = YES;
				CLANG_WARN_DEPRECATED_OBJC_IMPLEMENTATIONS = YES;
				CLANG_WARN_DIRECT_OBJC_ISA_USAGE = YES_ERROR;
				CLANG_WARN_DOCUMENTATION_COMMENTS = YES;
				CLANG_WARN_EMPTY_BODY = YES;
				CLANG_WARN_ENUM_CONVERSION = YES;
				CLANG_WARN_INFINITE_RECURSION = YES;
				CLANG_WARN_INT_CONVERSION = YES;
				CLANG_WARN_NON_LITERAL_NULL_CONVERSION = YES;
				CLANG_WARN_OBJC_IMPLICIT_RETAIN_SELF = YES;
				CLANG_WARN_OBJC_LITERAL_CONVERSION = YES;
				CLANG_WARN_OBJC_ROOT_CLASS = YES_ERROR;
				CLANG_WARN_QUOTED_INCLUDE_IN_FRAMEWORK_HEADER = YES;
				CLANG_WARN_RANGE_LOOP_ANALYSIS = YES;
				CLANG_WARN_STRICT_PROTOTYPES = YES;
				CLANG_WARN_SUSPICIOUS_MOVE = YES;
				CLANG_WARN_UNGUARDED_AVAILABILITY = YES_AGGRESSIVE;
				CLANG_WARN_UNREACHABLE_CODE = YES;
				CLANG_WARN__DUPLICATE_METHOD_MATCH = YES;
				COPY_PHASE_STRIP = NO;
				DEBUG_INFORMATION_FORMAT = dwarf;
				ENABLE_STRICT_OBJC_MSGSEND = YES;
				ENABLE_TESTABILITY = YES;
				GCC_C_LANGUAGE_STANDARD = gnu11;
				GCC_DYNAMIC_NO_PIC = NO;
				GCC_NO_COMMON_BLOCKS = YES;
				GCC_OPTIMIZATION_LEVEL = 0;
				GCC_PREPROCESSOR_DEFINITIONS = (
					"DEBUG=1",
					"$(inherited)",
				);
				GCC_WARN_64_TO_32_BIT_CONVERSION = YES;
				GCC_WARN_ABOUT_RETURN_TYPE = YES_ERROR;
				GCC_WARN_UNDECLARED_SELECTOR = YES;
				GCC_WARN_UNINITIALIZED_AUTOS = YES_AGGRESSIVE;
				GCC_WARN_UNUSED_FUNCTION = YES;
				GCC_WARN_UNUSED_VARIABLE = YES;
				IPHONEOS_DEPLOYMENT_TARGET = 15.4;
				MTL_ENABLE_DEBUG_INFO = INCLUDE_SOURCE;
				MTL_FAST_MATH = YES;
				ONLY_ACTIVE_ARCH = YES;
				SDKROOT = iphoneos;
				SWIFT_ACTIVE_COMPILATION_CONDITIONS = DEBUG;
				SWIFT_OPTIMIZATION_LEVEL = "-Onone";
			};
			name = Debug;
		};
		DF4231352810A3B900546F96 /* Release */ = {
			isa = XCBuildConfiguration;
			buildSettings = {
				ALWAYS_SEARCH_USER_PATHS = NO;
				CLANG_ANALYZER_NONNULL = YES;
				CLANG_ANALYZER_NUMBER_OBJECT_CONVERSION = YES_AGGRESSIVE;
				CLANG_CXX_LANGUAGE_STANDARD = "gnu++17";
				CLANG_ENABLE_MODULES = YES;
				CLANG_ENABLE_OBJC_ARC = YES;
				CLANG_ENABLE_OBJC_WEAK = YES;
				CLANG_WARN_BLOCK_CAPTURE_AUTORELEASING = YES;
				CLANG_WARN_BOOL_CONVERSION = YES;
				CLANG_WARN_COMMA = YES;
				CLANG_WARN_CONSTANT_CONVERSION = YES;
				CLANG_WARN_DEPRECATED_OBJC_IMPLEMENTATIONS = YES;
				CLANG_WARN_DIRECT_OBJC_ISA_USAGE = YES_ERROR;
				CLANG_WARN_DOCUMENTATION_COMMENTS = YES;
				CLANG_WARN_EMPTY_BODY = YES;
				CLANG_WARN_ENUM_CONVERSION = YES;
				CLANG_WARN_INFINITE_RECURSION = YES;
				CLANG_WARN_INT_CONVERSION = YES;
				CLANG_WARN_NON_LITERAL_NULL_CONVERSION = YES;
				CLANG_WARN_OBJC_IMPLICIT_RETAIN_SELF = YES;
				CLANG_WARN_OBJC_LITERAL_CONVERSION = YES;
				CLANG_WARN_OBJC_ROOT_CLASS = YES_ERROR;
				CLANG_WARN_QUOTED_INCLUDE_IN_FRAMEWORK_HEADER = YES;
				CLANG_WARN_RANGE_LOOP_ANALYSIS = YES;
				CLANG_WARN_STRICT_PROTOTYPES = YES;
				CLANG_WARN_SUSPICIOUS_MOVE = YES;
				CLANG_WARN_UNGUARDED_AVAILABILITY = YES_AGGRESSIVE;
				CLANG_WARN_UNREACHABLE_CODE = YES;
				CLANG_WARN__DUPLICATE_METHOD_MATCH = YES;
				COPY_PHASE_STRIP = NO;
				DEBUG_INFORMATION_FORMAT = "dwarf-with-dsym";
				ENABLE_NS_ASSERTIONS = NO;
				ENABLE_STRICT_OBJC_MSGSEND = YES;
				GCC_C_LANGUAGE_STANDARD = gnu11;
				GCC_NO_COMMON_BLOCKS = YES;
				GCC_WARN_64_TO_32_BIT_CONVERSION = YES;
				GCC_WARN_ABOUT_RETURN_TYPE = YES_ERROR;
				GCC_WARN_UNDECLARED_SELECTOR = YES;
				GCC_WARN_UNINITIALIZED_AUTOS = YES_AGGRESSIVE;
				GCC_WARN_UNUSED_FUNCTION = YES;
				GCC_WARN_UNUSED_VARIABLE = YES;
				IPHONEOS_DEPLOYMENT_TARGET = 15.4;
				MTL_ENABLE_DEBUG_INFO = NO;
				MTL_FAST_MATH = YES;
				SDKROOT = iphoneos;
				SWIFT_COMPILATION_MODE = wholemodule;
				SWIFT_OPTIMIZATION_LEVEL = "-O";
				VALIDATE_PRODUCT = YES;
			};
			name = Release;
		};
		DF4231372810A3B900546F96 /* Debug */ = {
			isa = XCBuildConfiguration;
			buildSettings = {
				ASSETCATALOG_COMPILER_APPICON_NAME = AppIcon;
				ASSETCATALOG_COMPILER_GLOBAL_ACCENT_COLOR_NAME = AccentColor;
				CODE_SIGN_STYLE = Automatic;
				CURRENT_PROJECT_VERSION = 1;
				DEVELOPMENT_ASSET_PATHS = "\"AppSUI/Preview Content\"";
				DEVELOPMENT_TEAM = 7Z2WHPKU8W;
				ENABLE_PREVIEWS = YES;
				GENERATE_INFOPLIST_FILE = YES;
				INFOPLIST_KEY_UIApplicationSceneManifest_Generation = YES;
				INFOPLIST_KEY_UIApplicationSupportsIndirectInputEvents = YES;
				INFOPLIST_KEY_UILaunchScreen_Generation = YES;
				INFOPLIST_KEY_UISupportedInterfaceOrientations_iPad = "UIInterfaceOrientationPortrait UIInterfaceOrientationPortraitUpsideDown UIInterfaceOrientationLandscapeLeft UIInterfaceOrientationLandscapeRight";
				INFOPLIST_KEY_UISupportedInterfaceOrientations_iPhone = "UIInterfaceOrientationPortrait UIInterfaceOrientationLandscapeLeft UIInterfaceOrientationLandscapeRight";
				LD_RUNPATH_SEARCH_PATHS = (
					"$(inherited)",
					"@executable_path/Frameworks",
				);
				MARKETING_VERSION = 1.0;
				PRODUCT_BUNDLE_IDENTIFIER = com.CrazyApps.AppSUI;
				PRODUCT_NAME = "$(TARGET_NAME)";
				SWIFT_EMIT_LOC_STRINGS = YES;
				SWIFT_VERSION = 5.0;
				TARGETED_DEVICE_FAMILY = 1;
			};
			name = Debug;
		};
		DF4231382810A3B900546F96 /* Release */ = {
			isa = XCBuildConfiguration;
			buildSettings = {
				ASSETCATALOG_COMPILER_APPICON_NAME = AppIcon;
				ASSETCATALOG_COMPILER_GLOBAL_ACCENT_COLOR_NAME = AccentColor;
				CODE_SIGN_STYLE = Automatic;
				CURRENT_PROJECT_VERSION = 1;
				DEVELOPMENT_ASSET_PATHS = "\"AppSUI/Preview Content\"";
				DEVELOPMENT_TEAM = 7Z2WHPKU8W;
				ENABLE_PREVIEWS = YES;
				GENERATE_INFOPLIST_FILE = YES;
				INFOPLIST_KEY_UIApplicationSceneManifest_Generation = YES;
				INFOPLIST_KEY_UIApplicationSupportsIndirectInputEvents = YES;
				INFOPLIST_KEY_UILaunchScreen_Generation = YES;
				INFOPLIST_KEY_UISupportedInterfaceOrientations_iPad = "UIInterfaceOrientationPortrait UIInterfaceOrientationPortraitUpsideDown UIInterfaceOrientationLandscapeLeft UIInterfaceOrientationLandscapeRight";
				INFOPLIST_KEY_UISupportedInterfaceOrientations_iPhone = "UIInterfaceOrientationPortrait UIInterfaceOrientationLandscapeLeft UIInterfaceOrientationLandscapeRight";
				LD_RUNPATH_SEARCH_PATHS = (
					"$(inherited)",
					"@executable_path/Frameworks",
				);
				MARKETING_VERSION = 1.0;
				PRODUCT_BUNDLE_IDENTIFIER = com.CrazyApps.AppSUI;
				PRODUCT_NAME = "$(TARGET_NAME)";
				SWIFT_EMIT_LOC_STRINGS = YES;
				SWIFT_VERSION = 5.0;
				TARGETED_DEVICE_FAMILY = 1;
			};
			name = Release;
		};
/* End XCBuildConfiguration section */

/* Begin XCConfigurationList section */
		DF4231232810A3B600546F96 /* Build configuration list for PBXProject "AppSUI" */ = {
			isa = XCConfigurationList;
			buildConfigurations = (
				DF4231342810A3B900546F96 /* Debug */,
				DF4231352810A3B900546F96 /* Release */,
			);
			defaultConfigurationIsVisible = 0;
			defaultConfigurationName = Release;
		};
		DF4231362810A3B900546F96 /* Build configuration list for PBXNativeTarget "AppSUI" */ = {
			isa = XCConfigurationList;
			buildConfigurations = (
				DF4231372810A3B900546F96 /* Debug */,
				DF4231382810A3B900546F96 /* Release */,
			);
			defaultConfigurationIsVisible = 0;
			defaultConfigurationName = Release;
		};
/* End XCConfigurationList section */

/* Begin XCVersionGroup section */
		DF68E6452846355000D4E68B /* Bookworm.xcdatamodeld */ = {
			isa = XCVersionGroup;
			children = (
				DF68E6462846355000D4E68B /* Bookworm.xcdatamodel */,
			);
			currentVersion = DF68E6462846355000D4E68B /* Bookworm.xcdatamodel */;
			path = Bookworm.xcdatamodeld;
			sourceTree = "<group>";
			versionGroupType = wrapper.xcdatamodel;
		};
/* End XCVersionGroup section */
	};
	rootObject = DF4231202810A3B600546F96 /* Project object */;
}
